
Microsoft Visual Studio Solution File, Format Version 12.00
# Visual Studio Version 16
VisualStudioVersion = 16.0.29911.84
MinimumVisualStudioVersion = 10.0.40219.1
Project("{FAE04EC0-301F-11D3-BF4B-00C04F79EFBC}") = "Dottor.Earthquake", "Dottor.Earthquake\Dottor.Earthquake.csproj", "{4E0844FF-D372-4067-9EF7-163962ACCEDC}"
EndProject
Global
	GlobalSection(SolutionConfigurationPlatforms) = preSolution
		Debug|Any CPU = Debug|Any CPU
		Release|Any CPU = Release|Any CPU
	EndGlobalSection
	GlobalSection(ProjectConfigurationPlatforms) = postSolution
		{4E0844FF-D372-4067-9EF7-163962ACCEDC}.Debug|Any CPU.ActiveCfg = Debug|Any CPU
		{4E0844FF-D372-4067-9EF7-163962ACCEDC}.Debug|Any CPU.Build.0 = Debug|Any CPU
		{4E0844FF-D372-4067-9EF7-163962ACCEDC}.Release|Any CPU.ActiveCfg = Release|Any CPU
		{4E0844FF-D372-4067-9EF7-163962ACCEDC}.Release|Any CPU.Build.0 = Release|Any CPU
	EndGlobalSection
	GlobalSection(SolutionProperties) = preSolution
		HideSolutionNode = FALSE
	EndGlobalSection
	GlobalSection(ExtensibilityGlobals) = postSolution
		SolutionGuid = {15096D2E-2354-4DC3-81F7-255AC6B31EC0}
	EndGlobalSection
EndGlobal
