
Microsoft Visual Studio Solution File, Format Version 12.00
# Visual Studio Version 16
VisualStudioVersion = 16.0.31229.75
MinimumVisualStudioVersion = 10.0.40219.1
Project("{FAE04EC0-301F-11D3-BF4B-00C04F79EFBC}") = "IOT.Clod.IoTHubServerApp", "IOT.Clod.IoTHubServerApp\IOT.Clod.IoTHubServerApp.csproj", "{28113FAA-9873-4532-B50F-885FC9F4AE4D}"
EndProject
Project("{FAE04EC0-301F-11D3-BF4B-00C04F79EFBC}") = "IOT.Clod.IoTHubDevice", "IOT.Clod.IoTHubDevice\IOT.Clod.IoTHubDevice.csproj", "{1BB86688-BAD1-4236-B150-D613D7C8D7D2}"
EndProject
Global
	GlobalSection(SolutionConfigurationPlatforms) = preSolution
		Debug|Any CPU = Debug|Any CPU
		Release|Any CPU = Release|Any CPU
	EndGlobalSection
	GlobalSection(ProjectConfigurationPlatforms) = postSolution
		{28113FAA-9873-4532-B50F-885FC9F4AE4D}.Debug|Any CPU.ActiveCfg = Debug|Any CPU
		{28113FAA-9873-4532-B50F-885FC9F4AE4D}.Debug|Any CPU.Build.0 = Debug|Any CPU
		{28113FAA-9873-4532-B50F-885FC9F4AE4D}.Release|Any CPU.ActiveCfg = Release|Any CPU
		{28113FAA-9873-4532-B50F-885FC9F4AE4D}.Release|Any CPU.Build.0 = Release|Any CPU
		{1BB86688-BAD1-4236-B150-D613D7C8D7D2}.Debug|Any CPU.ActiveCfg = Debug|Any CPU
		{1BB86688-BAD1-4236-B150-D613D7C8D7D2}.Debug|Any CPU.Build.0 = Debug|Any CPU
		{1BB86688-BAD1-4236-B150-D613D7C8D7D2}.Release|Any CPU.ActiveCfg = Release|Any CPU
		{1BB86688-BAD1-4236-B150-D613D7C8D7D2}.Release|Any CPU.Build.0 = Release|Any CPU
	EndGlobalSection
	GlobalSection(SolutionProperties) = preSolution
		HideSolutionNode = FALSE
	EndGlobalSection
	GlobalSection(ExtensibilityGlobals) = postSolution
		SolutionGuid = {421C6583-6E93-47CE-BD91-CC7ADBD3CA1E}
	EndGlobalSection
EndGlobal
