
Microsoft Visual Studio Solution File, Format Version 12.00
# Visual Studio Version 16
VisualStudioVersion = 16.0.29911.98
MinimumVisualStudioVersion = 10.0.40219.1
Project("{FAE04EC0-301F-11D3-BF4B-00C04F79EFBC}") = "Dottor.EventGenerics", "Dottor.EventGenerics\Dottor.EventGenerics.csproj", "{C915D871-0172-469A-A68F-B9F4617085A5}"
EndProject
Global
	GlobalSection(SolutionConfigurationPlatforms) = preSolution
		Debug|Any CPU = Debug|Any CPU
		Release|Any CPU = Release|Any CPU
	EndGlobalSection
	GlobalSection(ProjectConfigurationPlatforms) = postSolution
		{C915D871-0172-469A-A68F-B9F4617085A5}.Debug|Any CPU.ActiveCfg = Debug|Any CPU
		{C915D871-0172-469A-A68F-B9F4617085A5}.Debug|Any CPU.Build.0 = Debug|Any CPU
		{C915D871-0172-469A-A68F-B9F4617085A5}.Release|Any CPU.ActiveCfg = Release|Any CPU
		{C915D871-0172-469A-A68F-B9F4617085A5}.Release|Any CPU.Build.0 = Release|Any CPU
	EndGlobalSection
	GlobalSection(SolutionProperties) = preSolution
		HideSolutionNode = FALSE
	EndGlobalSection
	GlobalSection(ExtensibilityGlobals) = postSolution
		SolutionGuid = {A3151A94-0E7E-4F74-BA4D-514711AD9450}
	EndGlobalSection
EndGlobal
