
Microsoft Visual Studio Solution File, Format Version 12.00
# Visual Studio Version 16
VisualStudioVersion = 16.0.29911.98
MinimumVisualStudioVersion = 10.0.40219.1
Project("{FAE04EC0-301F-11D3-BF4B-00C04F79EFBC}") = "Dottor.Classes", "Dottor.Classes\Dottor.Classes.csproj", "{2AE0B982-E6A9-4ABB-9724-5D2582D87D62}"
EndProject
Global
	GlobalSection(SolutionConfigurationPlatforms) = preSolution
		Debug|Any CPU = Debug|Any CPU
		Release|Any CPU = Release|Any CPU
	EndGlobalSection
	GlobalSection(ProjectConfigurationPlatforms) = postSolution
		{2AE0B982-E6A9-4ABB-9724-5D2582D87D62}.Debug|Any CPU.ActiveCfg = Debug|Any CPU
		{2AE0B982-E6A9-4ABB-9724-5D2582D87D62}.Debug|Any CPU.Build.0 = Debug|Any CPU
		{2AE0B982-E6A9-4ABB-9724-5D2582D87D62}.Release|Any CPU.ActiveCfg = Release|Any CPU
		{2AE0B982-E6A9-4ABB-9724-5D2582D87D62}.Release|Any CPU.Build.0 = Release|Any CPU
	EndGlobalSection
	GlobalSection(SolutionProperties) = preSolution
		HideSolutionNode = FALSE
	EndGlobalSection
	GlobalSection(ExtensibilityGlobals) = postSolution
		SolutionGuid = {A6639BC0-90C9-4611-B484-7A34B6B9C7BB}
	EndGlobalSection
EndGlobal
